
Microsoft Visual Studio Solution File, Format Version 12.00
# Visual Studio Version 17
VisualStudioVersion = 17.0.31903.59
MinimumVisualStudioVersion = 10.0.40219.1
Project("{2150E333-8FDC-42A3-9474-1A3956D46DE8}") = "src", "src", "{827E0CD3-B72D-47B6-A68D-7590B98EB39B}"
EndProject
Project("{FAE04EC0-301F-11D3-BF4B-00C04F79EFBC}") = "NestIQ.CommandService.Domain", "src\NestIQ.CommandService.Domain\NestIQ.CommandService.Domain.csproj", "{970D9DA7-50C9-4D35-B581-113464A0A5C6}"
EndProject
Project("{FAE04EC0-301F-11D3-BF4B-00C04F79EFBC}") = "NestIQ.CommandService.Application", "src\NestIQ.CommandService.Application\NestIQ.CommandService.Application.csproj", "{58E10948-1047-4F86-A6D5-695FE378D6A8}"
EndProject
Project("{FAE04EC0-301F-11D3-BF4B-00C04F79EFBC}") = "NestIQ.CommandService.Infrastructure", "src\NestIQ.CommandService.Infrastructure\NestIQ.CommandService.Infrastructure.csproj", "{E1D99313-4F9A-4E78-852C-DA7FB5D0383D}"
EndProject
Project("{FAE04EC0-301F-11D3-BF4B-00C04F79EFBC}") = "NestIQ.CommandService.Api", "src\NestIQ.CommandService.Api\NestIQ.CommandService.Api.csproj", "{3C1A3060-FA19-4E22-AA44-B8079AEBE399}"
EndProject
Project("{2150E333-8FDC-42A3-9474-1A3956D46DE8}") = "tests", "tests", "{0AB3BF05-4346-4AA6-1389-037BE0695223}"
EndProject
Project("{FAE04EC0-301F-11D3-BF4B-00C04F79EFBC}") = "NestIQ.CommandService.UnitTests", "tests\NestIQ.CommandService.UnitTests\NestIQ.CommandService.UnitTests.csproj", "{C135C03E-B7F8-4FC4-AE65-993E124D80EE}"
EndProject
Project("{FAE04EC0-301F-11D3-BF4B-00C04F79EFBC}") = "NestIQ.CommandService.ComponentTests", "tests\NestIQ.CommandService.ComponentTests\NestIQ.CommandService.ComponentTests.csproj", "{229C0E4A-66D7-4537-92F1-2635954BA4D9}"
EndProject
Project("{FAE04EC0-301F-11D3-BF4B-00C04F79EFBC}") = "NestIQ.CommandService.IntegrationTests", "tests\NestIQ.CommandService.IntegrationTests\NestIQ.CommandService.IntegrationTests.csproj", "{AD418103-AA53-4AEC-877A-E828ECB30C12}"
EndProject
Project("{FAE04EC0-301F-11D3-BF4B-00C04F79EFBC}") = "NestIQ.CommandService.ContractTests", "tests\NestIQ.CommandService.ContractTests\NestIQ.CommandService.ContractTests.csproj", "{C97ACCFB-1A4C-4362-B4C4-B16DCFD60974}"
EndProject
Global
	GlobalSection(SolutionConfigurationPlatforms) = preSolution
		Debug|Any CPU = Debug|Any CPU
		Debug|x64 = Debug|x64
		Debug|x86 = Debug|x86
		Release|Any CPU = Release|Any CPU
		Release|x64 = Release|x64
		Release|x86 = Release|x86
	EndGlobalSection
	GlobalSection(ProjectConfigurationPlatforms) = postSolution
		{970D9DA7-50C9-4D35-B581-113464A0A5C6}.Debug|Any CPU.ActiveCfg = Debug|Any CPU
		{970D9DA7-50C9-4D35-B581-113464A0A5C6}.Debug|Any CPU.Build.0 = Debug|Any CPU
		{970D9DA7-50C9-4D35-B581-113464A0A5C6}.Debug|x64.ActiveCfg = Debug|Any CPU
		{970D9DA7-50C9-4D35-B581-113464A0A5C6}.Debug|x64.Build.0 = Debug|Any CPU
		{970D9DA7-50C9-4D35-B581-113464A0A5C6}.Debug|x86.ActiveCfg = Debug|Any CPU
		{970D9DA7-50C9-4D35-B581-113464A0A5C6}.Debug|x86.Build.0 = Debug|Any CPU
		{970D9DA7-50C9-4D35-B581-113464A0A5C6}.Release|Any CPU.ActiveCfg = Release|Any CPU
		{970D9DA7-50C9-4D35-B581-113464A0A5C6}.Release|Any CPU.Build.0 = Release|Any CPU
		{970D9DA7-50C9-4D35-B581-113464A0A5C6}.Release|x64.ActiveCfg = Release|Any CPU
		{970D9DA7-50C9-4D35-B581-113464A0A5C6}.Release|x64.Build.0 = Release|Any CPU
		{970D9DA7-50C9-4D35-B581-113464A0A5C6}.Release|x86.ActiveCfg = Release|Any CPU
		{970D9DA7-50C9-4D35-B581-113464A0A5C6}.Release|x86.Build.0 = Release|Any CPU
		{58E10948-1047-4F86-A6D5-695FE378D6A8}.Debug|Any CPU.ActiveCfg = Debug|Any CPU
		{58E10948-1047-4F86-A6D5-695FE378D6A8}.Debug|Any CPU.Build.0 = Debug|Any CPU
		{58E10948-1047-4F86-A6D5-695FE378D6A8}.Debug|x64.ActiveCfg = Debug|Any CPU
		{58E10948-1047-4F86-A6D5-695FE378D6A8}.Debug|x64.Build.0 = Debug|Any CPU
		{58E10948-1047-4F86-A6D5-695FE378D6A8}.Debug|x86.ActiveCfg = Debug|Any CPU
		{58E10948-1047-4F86-A6D5-695FE378D6A8}.Debug|x86.Build.0 = Debug|Any CPU
		{58E10948-1047-4F86-A6D5-695FE378D6A8}.Release|Any CPU.ActiveCfg = Release|Any CPU
		{58E10948-1047-4F86-A6D5-695FE378D6A8}.Release|Any CPU.Build.0 = Release|Any CPU
		{58E10948-1047-4F86-A6D5-695FE378D6A8}.Release|x64.ActiveCfg = Release|Any CPU
		{58E10948-1047-4F86-A6D5-695FE378D6A8}.Release|x64.Build.0 = Release|Any CPU
		{58E10948-1047-4F86-A6D5-695FE378D6A8}.Release|x86.ActiveCfg = Release|Any CPU
		{58E10948-1047-4F86-A6D5-695FE378D6A8}.Release|x86.Build.0 = Release|Any CPU
		{E1D99313-4F9A-4E78-852C-DA7FB5D0383D}.Debug|Any CPU.ActiveCfg = Debug|Any CPU
		{E1D99313-4F9A-4E78-852C-DA7FB5D0383D}.Debug|Any CPU.Build.0 = Debug|Any CPU
		{E1D99313-4F9A-4E78-852C-DA7FB5D0383D}.Debug|x64.ActiveCfg = Debug|Any CPU
		{E1D99313-4F9A-4E78-852C-DA7FB5D0383D}.Debug|x64.Build.0 = Debug|Any CPU
		{E1D99313-4F9A-4E78-852C-DA7FB5D0383D}.Debug|x86.ActiveCfg = Debug|Any CPU
		{E1D99313-4F9A-4E78-852C-DA7FB5D0383D}.Debug|x86.Build.0 = Debug|Any CPU
		{E1D99313-4F9A-4E78-852C-DA7FB5D0383D}.Release|Any CPU.ActiveCfg = Release|Any CPU
		{E1D99313-4F9A-4E78-852C-DA7FB5D0383D}.Release|Any CPU.Build.0 = Release|Any CPU
		{E1D99313-4F9A-4E78-852C-DA7FB5D0383D}.Release|x64.ActiveCfg = Release|Any CPU
		{E1D99313-4F9A-4E78-852C-DA7FB5D0383D}.Release|x64.Build.0 = Release|Any CPU
		{E1D99313-4F9A-4E78-852C-DA7FB5D0383D}.Release|x86.ActiveCfg = Release|Any CPU
		{E1D99313-4F9A-4E78-852C-DA7FB5D0383D}.Release|x86.Build.0 = Release|Any CPU
		{3C1A3060-FA19-4E22-AA44-B8079AEBE399}.Debug|Any CPU.ActiveCfg = Debug|Any CPU
		{3C1A3060-FA19-4E22-AA44-B8079AEBE399}.Debug|Any CPU.Build.0 = Debug|Any CPU
		{3C1A3060-FA19-4E22-AA44-B8079AEBE399}.Debug|x64.ActiveCfg = Debug|Any CPU
		{3C1A3060-FA19-4E22-AA44-B8079AEBE399}.Debug|x64.Build.0 = Debug|Any CPU
		{3C1A3060-FA19-4E22-AA44-B8079AEBE399}.Debug|x86.ActiveCfg = Debug|Any CPU
		{3C1A3060-FA19-4E22-AA44-B8079AEBE399}.Debug|x86.Build.0 = Debug|Any CPU
		{3C1A3060-FA19-4E22-AA44-B8079AEBE399}.Release|Any CPU.ActiveCfg = Release|Any CPU
		{3C1A3060-FA19-4E22-AA44-B8079AEBE399}.Release|Any CPU.Build.0 = Release|Any CPU
		{3C1A3060-FA19-4E22-AA44-B8079AEBE399}.Release|x64.ActiveCfg = Release|Any CPU
		{3C1A3060-FA19-4E22-AA44-B8079AEBE399}.Release|x64.Build.0 = Release|Any CPU
		{3C1A3060-FA19-4E22-AA44-B8079AEBE399}.Release|x86.ActiveCfg = Release|Any CPU
		{3C1A3060-FA19-4E22-AA44-B8079AEBE399}.Release|x86.Build.0 = Release|Any CPU
		{C135C03E-B7F8-4FC4-AE65-993E124D80EE}.Debug|Any CPU.ActiveCfg = Debug|Any CPU
		{C135C03E-B7F8-4FC4-AE65-993E124D80EE}.Debug|Any CPU.Build.0 = Debug|Any CPU
		{C135C03E-B7F8-4FC4-AE65-993E124D80EE}.Debug|x64.ActiveCfg = Debug|Any CPU
		{C135C03E-B7F8-4FC4-AE65-993E124D80EE}.Debug|x64.Build.0 = Debug|Any CPU
		{C135C03E-B7F8-4FC4-AE65-993E124D80EE}.Debug|x86.ActiveCfg = Debug|Any CPU
		{C135C03E-B7F8-4FC4-AE65-993E124D80EE}.Debug|x86.Build.0 = Debug|Any CPU
		{C135C03E-B7F8-4FC4-AE65-993E124D80EE}.Release|Any CPU.ActiveCfg = Release|Any CPU
		{C135C03E-B7F8-4FC4-AE65-993E124D80EE}.Release|Any CPU.Build.0 = Release|Any CPU
		{C135C03E-B7F8-4FC4-AE65-993E124D80EE}.Release|x64.ActiveCfg = Release|Any CPU
		{C135C03E-B7F8-4FC4-AE65-993E124D80EE}.Release|x64.Build.0 = Release|Any CPU
		{C135C03E-B7F8-4FC4-AE65-993E124D80EE}.Release|x86.ActiveCfg = Release|Any CPU
		{C135C03E-B7F8-4FC4-AE65-993E124D80EE}.Release|x86.Build.0 = Release|Any CPU
		{229C0E4A-66D7-4537-92F1-2635954BA4D9}.Debug|Any CPU.ActiveCfg = Debug|Any CPU
		{229C0E4A-66D7-4537-92F1-2635954BA4D9}.Debug|Any CPU.Build.0 = Debug|Any CPU
		{229C0E4A-66D7-4537-92F1-2635954BA4D9}.Debug|x64.ActiveCfg = Debug|Any CPU
		{229C0E4A-66D7-4537-92F1-2635954BA4D9}.Debug|x64.Build.0 = Debug|Any CPU
		{229C0E4A-66D7-4537-92F1-2635954BA4D9}.Debug|x86.ActiveCfg = Debug|Any CPU
		{229C0E4A-66D7-4537-92F1-2635954BA4D9}.Debug|x86.Build.0 = Debug|Any CPU
		{229C0E4A-66D7-4537-92F1-2635954BA4D9}.Release|Any CPU.ActiveCfg = Release|Any CPU
		{229C0E4A-66D7-4537-92F1-2635954BA4D9}.Release|Any CPU.Build.0 = Release|Any CPU
		{229C0E4A-66D7-4537-92F1-2635954BA4D9}.Release|x64.ActiveCfg = Release|Any CPU
		{229C0E4A-66D7-4537-92F1-2635954BA4D9}.Release|x64.Build.0 = Release|Any CPU
		{229C0E4A-66D7-4537-92F1-2635954BA4D9}.Release|x86.ActiveCfg = Release|Any CPU
		{229C0E4A-66D7-4537-92F1-2635954BA4D9}.Release|x86.Build.0 = Release|Any CPU
		{AD418103-AA53-4AEC-877A-E828ECB30C12}.Debug|Any CPU.ActiveCfg = Debug|Any CPU
		{AD418103-AA53-4AEC-877A-E828ECB30C12}.Debug|Any CPU.Build.0 = Debug|Any CPU
		{AD418103-AA53-4AEC-877A-E828ECB30C12}.Debug|x64.ActiveCfg = Debug|Any CPU
		{AD418103-AA53-4AEC-877A-E828ECB30C12}.Debug|x64.Build.0 = Debug|Any CPU
		{AD418103-AA53-4AEC-877A-E828ECB30C12}.Debug|x86.ActiveCfg = Debug|Any CPU
		{AD418103-AA53-4AEC-877A-E828ECB30C12}.Debug|x86.Build.0 = Debug|Any CPU
		{AD418103-AA53-4AEC-877A-E828ECB30C12}.Release|Any CPU.ActiveCfg = Release|Any CPU
		{AD418103-AA53-4AEC-877A-E828ECB30C12}.Release|Any CPU.Build.0 = Release|Any CPU
		{AD418103-AA53-4AEC-877A-E828ECB30C12}.Release|x64.ActiveCfg = Release|Any CPU
		{AD418103-AA53-4AEC-877A-E828ECB30C12}.Release|x64.Build.0 = Release|Any CPU
		{AD418103-AA53-4AEC-877A-E828ECB30C12}.Release|x86.ActiveCfg = Release|Any CPU
		{AD418103-AA53-4AEC-877A-E828ECB30C12}.Release|x86.Build.0 = Release|Any CPU
		{C97ACCFB-1A4C-4362-B4C4-B16DCFD60974}.Debug|Any CPU.ActiveCfg = Debug|Any CPU
		{C97ACCFB-1A4C-4362-B4C4-B16DCFD60974}.Debug|Any CPU.Build.0 = Debug|Any CPU
		{C97ACCFB-1A4C-4362-B4C4-B16DCFD60974}.Debug|x64.ActiveCfg = Debug|Any CPU
		{C97ACCFB-1A4C-4362-B4C4-B16DCFD60974}.Debug|x64.Build.0 = Debug|Any CPU
		{C97ACCFB-1A4C-4362-B4C4-B16DCFD60974}.Debug|x86.ActiveCfg = Debug|Any CPU
		{C97ACCFB-1A4C-4362-B4C4-B16DCFD60974}.Debug|x86.Build.0 = Debug|Any CPU
		{C97ACCFB-1A4C-4362-B4C4-B16DCFD60974}.Release|Any CPU.ActiveCfg = Release|Any CPU
		{C97ACCFB-1A4C-4362-B4C4-B16DCFD60974}.Release|Any CPU.Build.0 = Release|Any CPU
		{C97ACCFB-1A4C-4362-B4C4-B16DCFD60974}.Release|x64.ActiveCfg = Release|Any CPU
		{C97ACCFB-1A4C-4362-B4C4-B16DCFD60974}.Release|x64.Build.0 = Release|Any CPU
		{C97ACCFB-1A4C-4362-B4C4-B16DCFD60974}.Release|x86.ActiveCfg = Release|Any CPU
		{C97ACCFB-1A4C-4362-B4C4-B16DCFD60974}.Release|x86.Build.0 = Release|Any CPU
	EndGlobalSection
	GlobalSection(SolutionProperties) = preSolution
		HideSolutionNode = FALSE
	EndGlobalSection
	GlobalSection(NestedProjects) = preSolution
		{970D9DA7-50C9-4D35-B581-113464A0A5C6} = {827E0CD3-B72D-47B6-A68D-7590B98EB39B}
		{58E10948-1047-4F86-A6D5-695FE378D6A8} = {827E0CD3-B72D-47B6-A68D-7590B98EB39B}
		{E1D99313-4F9A-4E78-852C-DA7FB5D0383D} = {827E0CD3-B72D-47B6-A68D-7590B98EB39B}
		{3C1A3060-FA19-4E22-AA44-B8079AEBE399} = {827E0CD3-B72D-47B6-A68D-7590B98EB39B}
		{C135C03E-B7F8-4FC4-AE65-993E124D80EE} = {0AB3BF05-4346-4AA6-1389-037BE0695223}
		{229C0E4A-66D7-4537-92F1-2635954BA4D9} = {0AB3BF05-4346-4AA6-1389-037BE0695223}
		{AD418103-AA53-4AEC-877A-E828ECB30C12} = {0AB3BF05-4346-4AA6-1389-037BE0695223}
		{C97ACCFB-1A4C-4362-B4C4-B16DCFD60974} = {0AB3BF05-4346-4AA6-1389-037BE0695223}
	EndGlobalSection
EndGlobal
